// !$*UTF8*$!
{
	archiveVersion = 1;
	classes = {
	};
	objectVersion = 56;
	objects = {

/* Begin PBXBuildFile section */
		E9068B172B880B080038B132 /* MovieListViewModel.swift in Sources */ = {isa = PBXBuildFile; fileRef = E9068B162B880B080038B132 /* MovieListViewModel.swift */; };
		E9068B192B880DE60038B132 /* Theme.swift in Sources */ = {isa = PBXBuildFile; fileRef = E9068B182B880DE60038B132 /* Theme.swift */; };
		E9068B1B2B8831BD0038B132 /* MainScreen.swift in Sources */ = {isa = PBXBuildFile; fileRef = E9068B1A2B8831BD0038B132 /* MainScreen.swift */; };
		E9068B1D2B892BF30038B132 /* Search.swift in Sources */ = {isa = PBXBuildFile; fileRef = E9068B1C2B892BF30038B132 /* Search.swift */; };
		E9068B252B8D29560038B132 /* SearchButton.swift in Sources */ = {isa = PBXBuildFile; fileRef = E9068B242B8D29560038B132 /* SearchButton.swift */; };
		E9068B272B8D298E0038B132 /* SearchBar.swift in Sources */ = {isa = PBXBuildFile; fileRef = E9068B262B8D298E0038B132 /* SearchBar.swift */; };
		E9068B292B8D29F00038B132 /* SearchViewModel.swift in Sources */ = {isa = PBXBuildFile; fileRef = E9068B282B8D29F00038B132 /* SearchViewModel.swift */; };
		E90CE93D2B87FD18004C6D2F /* app_iosApp.swift in Sources */ = {isa = PBXBuildFile; fileRef = E90CE93C2B87FD18004C6D2F /* app_iosApp.swift */; };
		E90CE9412B87FD19004C6D2F /* Assets.xcassets in Resources */ = {isa = PBXBuildFile; fileRef = E90CE9402B87FD19004C6D2F /* Assets.xcassets */; };
		E90CE9442B87FD19004C6D2F /* Preview Assets.xcassets in Resources */ = {isa = PBXBuildFile; fileRef = E90CE9432B87FD19004C6D2F /* Preview Assets.xcassets */; };
		E90CE94E2B87FD19004C6D2F /* app_iosTests.swift in Sources */ = {isa = PBXBuildFile; fileRef = E90CE94D2B87FD19004C6D2F /* app_iosTests.swift */; };
		E90CE9582B87FD19004C6D2F /* app_iosUITests.swift in Sources */ = {isa = PBXBuildFile; fileRef = E90CE9572B87FD19004C6D2F /* app_iosUITests.swift */; };
		E90CE95A2B87FD19004C6D2F /* app_iosUITestsLaunchTests.swift in Sources */ = {isa = PBXBuildFile; fileRef = E90CE9592B87FD19004C6D2F /* app_iosUITestsLaunchTests.swift */; };
		E90CE9682B880084004C6D2F /* MovieList.swift in Sources */ = {isa = PBXBuildFile; fileRef = E90CE9672B880084004C6D2F /* MovieList.swift */; };
/* End PBXBuildFile section */

/* Begin PBXContainerItemProxy section */
		E90CE94A2B87FD19004C6D2F /* PBXContainerItemProxy */ = {
			isa = PBXContainerItemProxy;
			containerPortal = E90CE9312B87FD18004C6D2F /* Project object */;
			proxyType = 1;
			remoteGlobalIDString = E90CE9382B87FD18004C6D2F;
			remoteInfo = "app-ios";
		};
		E90CE9542B87FD19004C6D2F /* PBXContainerItemProxy */ = {
			isa = PBXContainerItemProxy;
			containerPortal = E90CE9312B87FD18004C6D2F /* Project object */;
			proxyType = 1;
			remoteGlobalIDString = E90CE9382B87FD18004C6D2F;
			remoteInfo = "app-ios";
		};
/* End PBXContainerItemProxy section */

/* Begin PBXFileReference section */
		E9068B162B880B080038B132 /* MovieListViewModel.swift */ = {isa = PBXFileReference; lastKnownFileType = sourcecode.swift; path = MovieListViewModel.swift; sourceTree = "<group>"; };
		E9068B182B880DE60038B132 /* Theme.swift */ = {isa = PBXFileReference; lastKnownFileType = sourcecode.swift; path = Theme.swift; sourceTree = "<group>"; };
		E9068B1A2B8831BD0038B132 /* MainScreen.swift */ = {isa = PBXFileReference; lastKnownFileType = sourcecode.swift; path = MainScreen.swift; sourceTree = "<group>"; };
		E9068B1C2B892BF30038B132 /* Search.swift */ = {isa = PBXFileReference; lastKnownFileType = sourcecode.swift; path = Search.swift; sourceTree = "<group>"; };
		E9068B242B8D29560038B132 /* SearchButton.swift */ = {isa = PBXFileReference; lastKnownFileType = sourcecode.swift; path = SearchButton.swift; sourceTree = "<group>"; };
		E9068B262B8D298E0038B132 /* SearchBar.swift */ = {isa = PBXFileReference; lastKnownFileType = sourcecode.swift; path = SearchBar.swift; sourceTree = "<group>"; };
		E9068B282B8D29F00038B132 /* SearchViewModel.swift */ = {isa = PBXFileReference; lastKnownFileType = sourcecode.swift; path = SearchViewModel.swift; sourceTree = "<group>"; };
		E90CE9392B87FD18004C6D2F /* app-ios.app */ = {isa = PBXFileReference; explicitFileType = wrapper.application; includeInIndex = 0; path = "app-ios.app"; sourceTree = BUILT_PRODUCTS_DIR; };
		E90CE93C2B87FD18004C6D2F /* app_iosApp.swift */ = {isa = PBXFileReference; lastKnownFileType = sourcecode.swift; path = app_iosApp.swift; sourceTree = "<group>"; };
		E90CE9402B87FD19004C6D2F /* Assets.xcassets */ = {isa = PBXFileReference; lastKnownFileType = folder.assetcatalog; path = Assets.xcassets; sourceTree = "<group>"; };
		E90CE9432B87FD19004C6D2F /* Preview Assets.xcassets */ = {isa = PBXFileReference; lastKnownFileType = folder.assetcatalog; path = "Preview Assets.xcassets"; sourceTree = "<group>"; };
		E90CE9492B87FD19004C6D2F /* app-iosTests.xctest */ = {isa = PBXFileReference; explicitFileType = wrapper.cfbundle; includeInIndex = 0; path = "app-iosTests.xctest"; sourceTree = BUILT_PRODUCTS_DIR; };
		E90CE94D2B87FD19004C6D2F /* app_iosTests.swift */ = {isa = PBXFileReference; lastKnownFileType = sourcecode.swift; path = app_iosTests.swift; sourceTree = "<group>"; };
		E90CE9532B87FD19004C6D2F /* app-iosUITests.xctest */ = {isa = PBXFileReference; explicitFileType = wrapper.cfbundle; includeInIndex = 0; path = "app-iosUITests.xctest"; sourceTree = BUILT_PRODUCTS_DIR; };
		E90CE9572B87FD19004C6D2F /* app_iosUITests.swift */ = {isa = PBXFileReference; lastKnownFileType = sourcecode.swift; path = app_iosUITests.swift; sourceTree = "<group>"; };
		E90CE9592B87FD19004C6D2F /* app_iosUITestsLaunchTests.swift */ = {isa = PBXFileReference; lastKnownFileType = sourcecode.swift; path = app_iosUITestsLaunchTests.swift; sourceTree = "<group>"; };
		E90CE9672B880084004C6D2F /* MovieList.swift */ = {isa = PBXFileReference; lastKnownFileType = sourcecode.swift; path = MovieList.swift; sourceTree = "<group>"; };
/* End PBXFileReference section */

/* Begin PBXFrameworksBuildPhase section */
		E90CE9362B87FD18004C6D2F /* Frameworks */ = {
			isa = PBXFrameworksBuildPhase;
			buildActionMask = 2147483647;
			files = (
			);
			runOnlyForDeploymentPostprocessing = 0;
		};
		E90CE9462B87FD19004C6D2F /* Frameworks */ = {
			isa = PBXFrameworksBuildPhase;
			buildActionMask = 2147483647;
			files = (
			);
			runOnlyForDeploymentPostprocessing = 0;
		};
		E90CE9502B87FD19004C6D2F /* Frameworks */ = {
			isa = PBXFrameworksBuildPhase;
			buildActionMask = 2147483647;
			files = (
			);
			runOnlyForDeploymentPostprocessing = 0;
		};
/* End PBXFrameworksBuildPhase section */

/* Begin PBXGroup section */
		E9068B1E2B8957070038B132 /* ui */ = {
			isa = PBXGroup;
			children = (
				E9068B1F2B8957100038B132 /* components */,
				E9068B202B89571A0038B132 /* screens */,
				E9068B212B8957270038B132 /* theme */,
			);
			path = ui;
			sourceTree = "<group>";
		};
		E9068B1F2B8957100038B132 /* components */ = {
			isa = PBXGroup;
			children = (
				E9068B222B8957450038B132 /* movies */,
				E9068B232B89577F0038B132 /* search */,
			);
			path = components;
			sourceTree = "<group>";
		};
		E9068B202B89571A0038B132 /* screens */ = {
			isa = PBXGroup;
			children = (
				E9068B1A2B8831BD0038B132 /* MainScreen.swift */,
			);
			path = screens;
			sourceTree = "<group>";
		};
		E9068B212B8957270038B132 /* theme */ = {
			isa = PBXGroup;
			children = (
				E9068B182B880DE60038B132 /* Theme.swift */,
			);
			path = theme;
			sourceTree = "<group>";
		};
		E9068B222B8957450038B132 /* movies */ = {
			isa = PBXGroup;
			children = (
				E90CE9672B880084004C6D2F /* MovieList.swift */,
				E9068B162B880B080038B132 /* MovieListViewModel.swift */,
			);
			path = movies;
			sourceTree = "<group>";
		};
		E9068B232B89577F0038B132 /* search */ = {
			isa = PBXGroup;
			children = (
				E9068B1C2B892BF30038B132 /* Search.swift */,
				E9068B262B8D298E0038B132 /* SearchBar.swift */,
				E9068B242B8D29560038B132 /* SearchButton.swift */,
				E9068B282B8D29F00038B132 /* SearchViewModel.swift */,
			);
			path = search;
			sourceTree = "<group>";
		};
		E90CE9302B87FD18004C6D2F = {
			isa = PBXGroup;
			children = (
				E90CE93B2B87FD18004C6D2F /* app-ios */,
				E90CE94C2B87FD19004C6D2F /* app-iosTests */,
				E90CE9562B87FD19004C6D2F /* app-iosUITests */,
				E90CE93A2B87FD18004C6D2F /* Products */,
			);
			sourceTree = "<group>";
		};
		E90CE93A2B87FD18004C6D2F /* Products */ = {
			isa = PBXGroup;
			children = (
				E90CE9392B87FD18004C6D2F /* app-ios.app */,
				E90CE9492B87FD19004C6D2F /* app-iosTests.xctest */,
				E90CE9532B87FD19004C6D2F /* app-iosUITests.xctest */,
			);
			name = Products;
			sourceTree = "<group>";
		};
		E90CE93B2B87FD18004C6D2F /* app-ios */ = {
			isa = PBXGroup;
			children = (
				E9068B1E2B8957070038B132 /* ui */,
				E90CE93C2B87FD18004C6D2F /* app_iosApp.swift */,
				E90CE9402B87FD19004C6D2F /* Assets.xcassets */,
				E90CE9422B87FD19004C6D2F /* Preview Content */,
			);
			path = "app-ios";
			sourceTree = "<group>";
		};
		E90CE9422B87FD19004C6D2F /* Preview Content */ = {
			isa = PBXGroup;
			children = (
				E90CE9432B87FD19004C6D2F /* Preview Assets.xcassets */,
			);
			path = "Preview Content";
			sourceTree = "<group>";
		};
		E90CE94C2B87FD19004C6D2F /* app-iosTests */ = {
			isa = PBXGroup;
			children = (
				E90CE94D2B87FD19004C6D2F /* app_iosTests.swift */,
			);
			path = "app-iosTests";
			sourceTree = "<group>";
		};
		E90CE9562B87FD19004C6D2F /* app-iosUITests */ = {
			isa = PBXGroup;
			children = (
				E90CE9572B87FD19004C6D2F /* app_iosUITests.swift */,
				E90CE9592B87FD19004C6D2F /* app_iosUITestsLaunchTests.swift */,
			);
			path = "app-iosUITests";
			sourceTree = "<group>";
		};
/* End PBXGroup section */

/* Begin PBXNativeTarget section */
		E90CE9382B87FD18004C6D2F /* app-ios */ = {
			isa = PBXNativeTarget;
			buildConfigurationList = E90CE95D2B87FD19004C6D2F /* Build configuration list for PBXNativeTarget "app-ios" */;
			buildPhases = (
				E90CE9662B87FD34004C6D2F /* Run Script */,
				E90CE9352B87FD18004C6D2F /* Sources */,
				E90CE9362B87FD18004C6D2F /* Frameworks */,
				E90CE9372B87FD18004C6D2F /* Resources */,
			);
			buildRules = (
			);
			dependencies = (
			);
			name = "app-ios";
			productName = "app-ios";
			productReference = E90CE9392B87FD18004C6D2F /* app-ios.app */;
			productType = "com.apple.product-type.application";
		};
		E90CE9482B87FD19004C6D2F /* app-iosTests */ = {
			isa = PBXNativeTarget;
			buildConfigurationList = E90CE9602B87FD19004C6D2F /* Build configuration list for PBXNativeTarget "app-iosTests" */;
			buildPhases = (
				E90CE9452B87FD19004C6D2F /* Sources */,
				E90CE9462B87FD19004C6D2F /* Frameworks */,
				E90CE9472B87FD19004C6D2F /* Resources */,
			);
			buildRules = (
			);
			dependencies = (
				E90CE94B2B87FD19004C6D2F /* PBXTargetDependency */,
			);
			name = "app-iosTests";
			productName = "app-iosTests";
			productReference = E90CE9492B87FD19004C6D2F /* app-iosTests.xctest */;
			productType = "com.apple.product-type.bundle.unit-test";
		};
		E90CE9522B87FD19004C6D2F /* app-iosUITests */ = {
			isa = PBXNativeTarget;
			buildConfigurationList = E90CE9632B87FD19004C6D2F /* Build configuration list for PBXNativeTarget "app-iosUITests" */;
			buildPhases = (
				E90CE94F2B87FD19004C6D2F /* Sources */,
				E90CE9502B87FD19004C6D2F /* Frameworks */,
				E90CE9512B87FD19004C6D2F /* Resources */,
			);
			buildRules = (
			);
			dependencies = (
				E90CE9552B87FD19004C6D2F /* PBXTargetDependency */,
			);
			name = "app-iosUITests";
			productName = "app-iosUITests";
			productReference = E90CE9532B87FD19004C6D2F /* app-iosUITests.xctest */;
			productType = "com.apple.product-type.bundle.ui-testing";
		};
/* End PBXNativeTarget section */

/* Begin PBXProject section */
		E90CE9312B87FD18004C6D2F /* Project object */ = {
			isa = PBXProject;
			attributes = {
				BuildIndependentTargetsInParallel = 1;
				LastSwiftUpdateCheck = 1520;
				LastUpgradeCheck = 1520;
				TargetAttributes = {
					E90CE9382B87FD18004C6D2F = {
						CreatedOnToolsVersion = 15.2;
					};
					E90CE9482B87FD19004C6D2F = {
						CreatedOnToolsVersion = 15.2;
						TestTargetID = E90CE9382B87FD18004C6D2F;
					};
					E90CE9522B87FD19004C6D2F = {
						CreatedOnToolsVersion = 15.2;
						TestTargetID = E90CE9382B87FD18004C6D2F;
					};
				};
			};
			buildConfigurationList = E90CE9342B87FD18004C6D2F /* Build configuration list for PBXProject "app-ios" */;
			compatibilityVersion = "Xcode 14.0";
			developmentRegion = en;
			hasScannedForEncodings = 0;
			knownRegions = (
				en,
				Base,
			);
			mainGroup = E90CE9302B87FD18004C6D2F;
			productRefGroup = E90CE93A2B87FD18004C6D2F /* Products */;
			projectDirPath = "";
			projectRoot = "";
			targets = (
				E90CE9382B87FD18004C6D2F /* app-ios */,
				E90CE9482B87FD19004C6D2F /* app-iosTests */,
				E90CE9522B87FD19004C6D2F /* app-iosUITests */,
			);
		};
/* End PBXProject section */

/* Begin PBXResourcesBuildPhase section */
		E90CE9372B87FD18004C6D2F /* Resources */ = {
			isa = PBXResourcesBuildPhase;
			buildActionMask = 2147483647;
			files = (
				E90CE9442B87FD19004C6D2F /* Preview Assets.xcassets in Resources */,
				E90CE9412B87FD19004C6D2F /* Assets.xcassets in Resources */,
			);
			runOnlyForDeploymentPostprocessing = 0;
		};
		E90CE9472B87FD19004C6D2F /* Resources */ = {
			isa = PBXResourcesBuildPhase;
			buildActionMask = 2147483647;
			files = (
			);
			runOnlyForDeploymentPostprocessing = 0;
		};
		E90CE9512B87FD19004C6D2F /* Resources */ = {
			isa = PBXResourcesBuildPhase;
			buildActionMask = 2147483647;
			files = (
			);
			runOnlyForDeploymentPostprocessing = 0;
		};
/* End PBXResourcesBuildPhase section */

/* Begin PBXShellScriptBuildPhase section */
		E90CE9662B87FD34004C6D2F /* Run Script */ = {
			isa = PBXShellScriptBuildPhase;
			buildActionMask = 2147483647;
			files = (
			);
			inputFileListPaths = (
			);
			inputPaths = (
			);
			name = "Run Script";
			outputFileListPaths = (
			);
			outputPaths = (
			);
			runOnlyForDeploymentPostprocessing = 0;
			shellPath = /bin/sh;
			shellScript = "cd \"$SRCROOT/..\"\n./gradlew :app-shared:embedAndSignAppleFrameworkForXcode\n";
		};
/* End PBXShellScriptBuildPhase section */

/* Begin PBXSourcesBuildPhase section */
		E90CE9352B87FD18004C6D2F /* Sources */ = {
			isa = PBXSourcesBuildPhase;
			buildActionMask = 2147483647;
			files = (
				E9068B252B8D29560038B132 /* SearchButton.swift in Sources */,
				E9068B1B2B8831BD0038B132 /* MainScreen.swift in Sources */,
				E90CE9682B880084004C6D2F /* MovieList.swift in Sources */,
				E9068B1D2B892BF30038B132 /* Search.swift in Sources */,
				E9068B192B880DE60038B132 /* Theme.swift in Sources */,
				E9068B272B8D298E0038B132 /* SearchBar.swift in Sources */,
				E9068B292B8D29F00038B132 /* SearchViewModel.swift in Sources */,
				E90CE93D2B87FD18004C6D2F /* app_iosApp.swift in Sources */,
				E9068B172B880B080038B132 /* MovieListViewModel.swift in Sources */,
			);
			runOnlyForDeploymentPostprocessing = 0;
		};
		E90CE9452B87FD19004C6D2F /* Sources */ = {
			isa = PBXSourcesBuildPhase;
			buildActionMask = 2147483647;
			files = (
				E90CE94E2B87FD19004C6D2F /* app_iosTests.swift in Sources */,
			);
			runOnlyForDeploymentPostprocessing = 0;
		};
		E90CE94F2B87FD19004C6D2F /* Sources */ = {
			isa = PBXSourcesBuildPhase;
			buildActionMask = 2147483647;
			files = (
				E90CE95A2B87FD19004C6D2F /* app_iosUITestsLaunchTests.swift in Sources */,
				E90CE9582B87FD19004C6D2F /* app_iosUITests.swift in Sources */,
			);
			runOnlyForDeploymentPostprocessing = 0;
		};
/* End PBXSourcesBuildPhase section */

/* Begin PBXTargetDependency section */
		E90CE94B2B87FD19004C6D2F /* PBXTargetDependency */ = {
			isa = PBXTargetDependency;
			target = E90CE9382B87FD18004C6D2F /* app-ios */;
			targetProxy = E90CE94A2B87FD19004C6D2F /* PBXContainerItemProxy */;
		};
		E90CE9552B87FD19004C6D2F /* PBXTargetDependency */ = {
			isa = PBXTargetDependency;
			target = E90CE9382B87FD18004C6D2F /* app-ios */;
			targetProxy = E90CE9542B87FD19004C6D2F /* PBXContainerItemProxy */;
		};
/* End PBXTargetDependency section */

/* Begin XCBuildConfiguration section */
		E90CE95B2B87FD19004C6D2F /* Debug */ = {
			isa = XCBuildConfiguration;
			buildSettings = {
				ALWAYS_SEARCH_USER_PATHS = NO;
				ASSETCATALOG_COMPILER_GENERATE_SWIFT_ASSET_SYMBOL_EXTENSIONS = YES;
				CLANG_ANALYZER_NONNULL = YES;
				CLANG_ANALYZER_NUMBER_OBJECT_CONVERSION = YES_AGGRESSIVE;
				CLANG_CXX_LANGUAGE_STANDARD = "gnu++20";
				CLANG_ENABLE_MODULES = YES;
				CLANG_ENABLE_OBJC_ARC = YES;
				CLANG_ENABLE_OBJC_WEAK = YES;
				CLANG_WARN_BLOCK_CAPTURE_AUTORELEASING = YES;
				CLANG_WARN_BOOL_CONVERSION = YES;
				CLANG_WARN_COMMA = YES;
				CLANG_WARN_CONSTANT_CONVERSION = YES;
				CLANG_WARN_DEPRECATED_OBJC_IMPLEMENTATIONS = YES;
				CLANG_WARN_DIRECT_OBJC_ISA_USAGE = YES_ERROR;
				CLANG_WARN_DOCUMENTATION_COMMENTS = YES;
				CLANG_WARN_EMPTY_BODY = YES;
				CLANG_WARN_ENUM_CONVERSION = YES;
				CLANG_WARN_INFINITE_RECURSION = YES;
				CLANG_WARN_INT_CONVERSION = YES;
				CLANG_WARN_NON_LITERAL_NULL_CONVERSION = YES;
				CLANG_WARN_OBJC_IMPLICIT_RETAIN_SELF = YES;
				CLANG_WARN_OBJC_LITERAL_CONVERSION = YES;
				CLANG_WARN_OBJC_ROOT_CLASS = YES_ERROR;
				CLANG_WARN_QUOTED_INCLUDE_IN_FRAMEWORK_HEADER = YES;
				CLANG_WARN_RANGE_LOOP_ANALYSIS = YES;
				CLANG_WARN_STRICT_PROTOTYPES = YES;
				CLANG_WARN_SUSPICIOUS_MOVE = YES;
				CLANG_WARN_UNGUARDED_AVAILABILITY = YES_AGGRESSIVE;
				CLANG_WARN_UNREACHABLE_CODE = YES;
				CLANG_WARN__DUPLICATE_METHOD_MATCH = YES;
				COPY_PHASE_STRIP = NO;
				DEBUG_INFORMATION_FORMAT = dwarf;
				ENABLE_STRICT_OBJC_MSGSEND = YES;
				ENABLE_TESTABILITY = YES;
				ENABLE_USER_SCRIPT_SANDBOXING = YES;
				GCC_C_LANGUAGE_STANDARD = gnu17;
				GCC_DYNAMIC_NO_PIC = NO;
				GCC_NO_COMMON_BLOCKS = YES;
				GCC_OPTIMIZATION_LEVEL = 0;
				GCC_PREPROCESSOR_DEFINITIONS = (
					"DEBUG=1",
					"$(inherited)",
				);
				GCC_WARN_64_TO_32_BIT_CONVERSION = YES;
				GCC_WARN_ABOUT_RETURN_TYPE = YES_ERROR;
				GCC_WARN_UNDECLARED_SELECTOR = YES;
				GCC_WARN_UNINITIALIZED_AUTOS = YES_AGGRESSIVE;
				GCC_WARN_UNUSED_FUNCTION = YES;
				GCC_WARN_UNUSED_VARIABLE = YES;
				IPHONEOS_DEPLOYMENT_TARGET = 17.2;
				LOCALIZATION_PREFERS_STRING_CATALOGS = YES;
				MTL_ENABLE_DEBUG_INFO = INCLUDE_SOURCE;
				MTL_FAST_MATH = YES;
				ONLY_ACTIVE_ARCH = YES;
				SDKROOT = iphoneos;
				SWIFT_ACTIVE_COMPILATION_CONDITIONS = "DEBUG $(inherited)";
				SWIFT_OPTIMIZATION_LEVEL = "-Onone";
			};
			name = Debug;
		};
		E90CE95C2B87FD19004C6D2F /* Release */ = {
			isa = XCBuildConfiguration;
			buildSettings = {
				ALWAYS_SEARCH_USER_PATHS = NO;
				ASSETCATALOG_COMPILER_GENERATE_SWIFT_ASSET_SYMBOL_EXTENSIONS = YES;
				CLANG_ANALYZER_NONNULL = YES;
				CLANG_ANALYZER_NUMBER_OBJECT_CONVERSION = YES_AGGRESSIVE;
				CLANG_CXX_LANGUAGE_STANDARD = "gnu++20";
				CLANG_ENABLE_MODULES = YES;
				CLANG_ENABLE_OBJC_ARC = YES;
				CLANG_ENABLE_OBJC_WEAK = YES;
				CLANG_WARN_BLOCK_CAPTURE_AUTORELEASING = YES;
				CLANG_WARN_BOOL_CONVERSION = YES;
				CLANG_WARN_COMMA = YES;
				CLANG_WARN_CONSTANT_CONVERSION = YES;
				CLANG_WARN_DEPRECATED_OBJC_IMPLEMENTATIONS = YES;
				CLANG_WARN_DIRECT_OBJC_ISA_USAGE = YES_ERROR;
				CLANG_WARN_DOCUMENTATION_COMMENTS = YES;
				CLANG_WARN_EMPTY_BODY = YES;
				CLANG_WARN_ENUM_CONVERSION = YES;
				CLANG_WARN_INFINITE_RECURSION = YES;
				CLANG_WARN_INT_CONVERSION = YES;
				CLANG_WARN_NON_LITERAL_NULL_CONVERSION = YES;
				CLANG_WARN_OBJC_IMPLICIT_RETAIN_SELF = YES;
				CLANG_WARN_OBJC_LITERAL_CONVERSION = YES;
				CLANG_WARN_OBJC_ROOT_CLASS = YES_ERROR;
				CLANG_WARN_QUOTED_INCLUDE_IN_FRAMEWORK_HEADER = YES;
				CLANG_WARN_RANGE_LOOP_ANALYSIS = YES;
				CLANG_WARN_STRICT_PROTOTYPES = YES;
				CLANG_WARN_SUSPICIOUS_MOVE = YES;
				CLANG_WARN_UNGUARDED_AVAILABILITY = YES_AGGRESSIVE;
				CLANG_WARN_UNREACHABLE_CODE = YES;
				CLANG_WARN__DUPLICATE_METHOD_MATCH = YES;
				COPY_PHASE_STRIP = NO;
				DEBUG_INFORMATION_FORMAT = "dwarf-with-dsym";
				ENABLE_NS_ASSERTIONS = NO;
				ENABLE_STRICT_OBJC_MSGSEND = YES;
				ENABLE_USER_SCRIPT_SANDBOXING = YES;
				GCC_C_LANGUAGE_STANDARD = gnu17;
				GCC_NO_COMMON_BLOCKS = YES;
				GCC_WARN_64_TO_32_BIT_CONVERSION = YES;
				GCC_WARN_ABOUT_RETURN_TYPE = YES_ERROR;
				GCC_WARN_UNDECLARED_SELECTOR = YES;
				GCC_WARN_UNINITIALIZED_AUTOS = YES_AGGRESSIVE;
				GCC_WARN_UNUSED_FUNCTION = YES;
				GCC_WARN_UNUSED_VARIABLE = YES;
				IPHONEOS_DEPLOYMENT_TARGET = 17.2;
				LOCALIZATION_PREFERS_STRING_CATALOGS = YES;
				MTL_ENABLE_DEBUG_INFO = NO;
				MTL_FAST_MATH = YES;
				SDKROOT = iphoneos;
				SWIFT_COMPILATION_MODE = wholemodule;
				VALIDATE_PRODUCT = YES;
			};
			name = Release;
		};
		E90CE95E2B87FD19004C6D2F /* Debug */ = {
			isa = XCBuildConfiguration;
			buildSettings = {
				ASSETCATALOG_COMPILER_APPICON_NAME = AppIcon;
				ASSETCATALOG_COMPILER_GLOBAL_ACCENT_COLOR_NAME = AccentColor;
				CODE_SIGN_STYLE = Automatic;
				CURRENT_PROJECT_VERSION = 1;
				DEVELOPMENT_ASSET_PATHS = "\"app-ios/Preview Content\"";
				DEVELOPMENT_TEAM = Y958SVCHZ8;
				ENABLE_PREVIEWS = YES;
				FRAMEWORK_SEARCH_PATHS = (
					"$(inherited)",
					"$(SRCROOT)/../app-shared/build/xcode-frameworks/$(CONFIGURATION)/$(SDK_NAME)",
				);
				GENERATE_INFOPLIST_FILE = YES;
				INFOPLIST_KEY_UIApplicationSceneManifest_Generation = YES;
				INFOPLIST_KEY_UIApplicationSupportsIndirectInputEvents = YES;
				INFOPLIST_KEY_UILaunchScreen_Generation = YES;
				INFOPLIST_KEY_UISupportedInterfaceOrientations_iPad = "UIInterfaceOrientationPortrait UIInterfaceOrientationPortraitUpsideDown UIInterfaceOrientationLandscapeLeft UIInterfaceOrientationLandscapeRight";
				INFOPLIST_KEY_UISupportedInterfaceOrientations_iPhone = "UIInterfaceOrientationPortrait UIInterfaceOrientationLandscapeLeft UIInterfaceOrientationLandscapeRight";
				LD_RUNPATH_SEARCH_PATHS = (
					"$(inherited)",
					"@executable_path/Frameworks",
				);
				MARKETING_VERSION = 1.0;
				OTHER_LDFLAGS = (
					"$(inherited)",
					"-framework",
					MoviesAppShared,
				);
				PRODUCT_BUNDLE_IDENTIFIER = "suntrix.kmp.moviesapp.app-ios";
				PRODUCT_NAME = "$(TARGET_NAME)";
				SWIFT_EMIT_LOC_STRINGS = YES;
				SWIFT_VERSION = 5.0;
				TARGETED_DEVICE_FAMILY = "1,2";
			};
			name = Debug;
		};
		E90CE95F2B87FD19004C6D2F /* Release */ = {
			isa = XCBuildConfiguration;
			buildSettings = {
				ASSETCATALOG_COMPILER_APPICON_NAME = AppIcon;
				ASSETCATALOG_COMPILER_GLOBAL_ACCENT_COLOR_NAME = AccentColor;
				CODE_SIGN_STYLE = Automatic;
				CURRENT_PROJECT_VERSION = 1;
				DEVELOPMENT_ASSET_PATHS = "\"app-ios/Preview Content\"";
				DEVELOPMENT_TEAM = Y958SVCHZ8;
				ENABLE_PREVIEWS = YES;
				FRAMEWORK_SEARCH_PATHS = (
					"$(inherited)",
					"$(SRCROOT)/../app-shared/build/xcode-frameworks/$(CONFIGURATION)/$(SDK_NAME)",
				);
				GENERATE_INFOPLIST_FILE = YES;
				INFOPLIST_KEY_UIApplicationSceneManifest_Generation = YES;
				INFOPLIST_KEY_UIApplicationSupportsIndirectInputEvents = YES;
				INFOPLIST_KEY_UILaunchScreen_Generation = YES;
				INFOPLIST_KEY_UISupportedInterfaceOrientations_iPad = "UIInterfaceOrientationPortrait UIInterfaceOrientationPortraitUpsideDown UIInterfaceOrientationLandscapeLeft UIInterfaceOrientationLandscapeRight";
				INFOPLIST_KEY_UISupportedInterfaceOrientations_iPhone = "UIInterfaceOrientationPortrait UIInterfaceOrientationLandscapeLeft UIInterfaceOrientationLandscapeRight";
				LD_RUNPATH_SEARCH_PATHS = (
					"$(inherited)",
					"@executable_path/Frameworks",
				);
				MARKETING_VERSION = 1.0;
				OTHER_LDFLAGS = (
					"$(inherited)",
					"-framework",
					MoviesAppShared,
				);
				PRODUCT_BUNDLE_IDENTIFIER = "suntrix.kmp.moviesapp.app-ios";
				PRODUCT_NAME = "$(TARGET_NAME)";
				SWIFT_EMIT_LOC_STRINGS = YES;
				SWIFT_VERSION = 5.0;
				TARGETED_DEVICE_FAMILY = "1,2";
			};
			name = Release;
		};
		E90CE9612B87FD19004C6D2F /* Debug */ = {
			isa = XCBuildConfiguration;
			buildSettings = {
				ALWAYS_EMBED_SWIFT_STANDARD_LIBRARIES = YES;
				BUNDLE_LOADER = "$(TEST_HOST)";
				CODE_SIGN_STYLE = Automatic;
				CURRENT_PROJECT_VERSION = 1;
				DEVELOPMENT_TEAM = Y958SVCHZ8;
				GENERATE_INFOPLIST_FILE = YES;
				IPHONEOS_DEPLOYMENT_TARGET = 17.2;
				MARKETING_VERSION = 1.0;
				PRODUCT_BUNDLE_IDENTIFIER = "suntrix.kmp.moviesapp.app-iosTests";
				PRODUCT_NAME = "$(TARGET_NAME)";
				SWIFT_EMIT_LOC_STRINGS = NO;
				SWIFT_VERSION = 5.0;
				TARGETED_DEVICE_FAMILY = "1,2";
				TEST_HOST = "$(BUILT_PRODUCTS_DIR)/app-ios.app/$(BUNDLE_EXECUTABLE_FOLDER_PATH)/app-ios";
			};
			name = Debug;
		};
		E90CE9622B87FD19004C6D2F /* Release */ = {
			isa = XCBuildConfiguration;
			buildSettings = {
				ALWAYS_EMBED_SWIFT_STANDARD_LIBRARIES = YES;
				BUNDLE_LOADER = "$(TEST_HOST)";
				CODE_SIGN_STYLE = Automatic;
				CURRENT_PROJECT_VERSION = 1;
				DEVELOPMENT_TEAM = Y958SVCHZ8;
				GENERATE_INFOPLIST_FILE = YES;
				IPHONEOS_DEPLOYMENT_TARGET = 17.2;
				MARKETING_VERSION = 1.0;
				PRODUCT_BUNDLE_IDENTIFIER = "suntrix.kmp.moviesapp.app-iosTests";
				PRODUCT_NAME = "$(TARGET_NAME)";
				SWIFT_EMIT_LOC_STRINGS = NO;
				SWIFT_VERSION = 5.0;
				TARGETED_DEVICE_FAMILY = "1,2";
				TEST_HOST = "$(BUILT_PRODUCTS_DIR)/app-ios.app/$(BUNDLE_EXECUTABLE_FOLDER_PATH)/app-ios";
			};
			name = Release;
		};
		E90CE9642B87FD19004C6D2F /* Debug */ = {
			isa = XCBuildConfiguration;
			buildSettings = {
				ALWAYS_EMBED_SWIFT_STANDARD_LIBRARIES = YES;
				CODE_SIGN_STYLE = Automatic;
				CURRENT_PROJECT_VERSION = 1;
				DEVELOPMENT_TEAM = Y958SVCHZ8;
				GENERATE_INFOPLIST_FILE = YES;
				MARKETING_VERSION = 1.0;
				PRODUCT_BUNDLE_IDENTIFIER = "suntrix.kmp.moviesapp.app-iosUITests";
				PRODUCT_NAME = "$(TARGET_NAME)";
				SWIFT_EMIT_LOC_STRINGS = NO;
				SWIFT_VERSION = 5.0;
				TARGETED_DEVICE_FAMILY = "1,2";
				TEST_TARGET_NAME = "app-ios";
			};
			name = Debug;
		};
		E90CE9652B87FD19004C6D2F /* Release */ = {
			isa = XCBuildConfiguration;
			buildSettings = {
				ALWAYS_EMBED_SWIFT_STANDARD_LIBRARIES = YES;
				CODE_SIGN_STYLE = Automatic;
				CURRENT_PROJECT_VERSION = 1;
				DEVELOPMENT_TEAM = Y958SVCHZ8;
				GENERATE_INFOPLIST_FILE = YES;
				MARKETING_VERSION = 1.0;
				PRODUCT_BUNDLE_IDENTIFIER = "suntrix.kmp.moviesapp.app-iosUITests";
				PRODUCT_NAME = "$(TARGET_NAME)";
				SWIFT_EMIT_LOC_STRINGS = NO;
				SWIFT_VERSION = 5.0;
				TARGETED_DEVICE_FAMILY = "1,2";
				TEST_TARGET_NAME = "app-ios";
			};
			name = Release;
		};
/* End XCBuildConfiguration section */

/* Begin XCConfigurationList section */
		E90CE9342B87FD18004C6D2F /* Build configuration list for PBXProject "app-ios" */ = {
			isa = XCConfigurationList;
			buildConfigurations = (
				E90CE95B2B87FD19004C6D2F /* Debug */,
				E90CE95C2B87FD19004C6D2F /* Release */,
			);
			defaultConfigurationIsVisible = 0;
			defaultConfigurationName = Release;
		};
		E90CE95D2B87FD19004C6D2F /* Build configuration list for PBXNativeTarget "app-ios" */ = {
			isa = XCConfigurationList;
			buildConfigurations = (
				E90CE95E2B87FD19004C6D2F /* Debug */,
				E90CE95F2B87FD19004C6D2F /* Release */,
			);
			defaultConfigurationIsVisible = 0;
			defaultConfigurationName = Release;
		};
		E90CE9602B87FD19004C6D2F /* Build configuration list for PBXNativeTarget "app-iosTests" */ = {
			isa = XCConfigurationList;
			buildConfigurations = (
				E90CE9612B87FD19004C6D2F /* Debug */,
				E90CE9622B87FD19004C6D2F /* Release */,
			);
			defaultConfigurationIsVisible = 0;
			defaultConfigurationName = Release;
		};
		E90CE9632B87FD19004C6D2F /* Build configuration list for PBXNativeTarget "app-iosUITests" */ = {
			isa = XCConfigurationList;
			buildConfigurations = (
				E90CE9642B87FD19004C6D2F /* Debug */,
				E90CE9652B87FD19004C6D2F /* Release */,
			);
			defaultConfigurationIsVisible = 0;
			defaultConfigurationName = Release;
		};
/* End XCConfigurationList section */
	};
	rootObject = E90CE9312B87FD18004C6D2F /* Project object */;
}
